// !$*UTF8*$!
{
	archiveVersion = 1;
	classes = {
	};
	objectVersion = 56;
	objects = {

/* Begin PBXBuildFile section */
		7FE426DF2BE14D8000BC4E63 /* AppDelegate.swift in Sources */ = {isa = PBXBuildFile; fileRef = 7FE426DE2BE14D8000BC4E63 /* AppDelegate.swift */; };
		7FE426E12BE14D8000BC4E63 /* SceneDelegate.swift in Sources */ = {isa = PBXBuildFile; fileRef = 7FE426E02BE14D8000BC4E63 /* SceneDelegate.swift */; };
		7FE426E32BE14D8000BC4E63 /* MainViewController.swift in Sources */ = {isa = PBXBuildFile; fileRef = 7FE426E22BE14D8000BC4E63 /* MainViewController.swift */; };
		7FE426E82BE14D8300BC4E63 /* Assets.xcassets in Resources */ = {isa = PBXBuildFile; fileRef = 7FE426E72BE14D8300BC4E63 /* Assets.xcassets */; };
		7FE426EB2BE14D8300BC4E63 /* LaunchScreen.storyboard in Resources */ = {isa = PBXBuildFile; fileRef = 7FE426E92BE14D8300BC4E63 /* LaunchScreen.storyboard */; };
		7FE426F62BE14D8300BC4E63 /* MeeshoTests.swift in Sources */ = {isa = PBXBuildFile; fileRef = 7FE426F52BE14D8300BC4E63 /* MeeshoTests.swift */; };
		7FE427002BE14D8300BC4E63 /* MeeshoUITests.swift in Sources */ = {isa = PBXBuildFile; fileRef = 7FE426FF2BE14D8300BC4E63 /* MeeshoUITests.swift */; };
		7FE427022BE14D8300BC4E63 /* MeeshoUITestsLaunchTests.swift in Sources */ = {isa = PBXBuildFile; fileRef = 7FE427012BE14D8300BC4E63 /* MeeshoUITestsLaunchTests.swift */; };
		7FE427172BE385A500BC4E63 /* DressViewCollectionViewCell.swift in Sources */ = {isa = PBXBuildFile; fileRef = 7FE427162BE385A500BC4E63 /* DressViewCollectionViewCell.swift */; };
		7FE427192BE5FF9300BC4E63 /* DressColorCollectionViewCell.swift in Sources */ = {isa = PBXBuildFile; fileRef = 7FE427182BE5FF9300BC4E63 /* DressColorCollectionViewCell.swift */; };
/* End PBXBuildFile section */

/* Begin PBXContainerItemProxy section */
		7FE426F22BE14D8300BC4E63 /* PBXContainerItemProxy */ = {
			isa = PBXContainerItemProxy;
			containerPortal = 7FE426D32BE14D8000BC4E63 /* Project object */;
			proxyType = 1;
			remoteGlobalIDString = 7FE426DA2BE14D8000BC4E63;
			remoteInfo = Meesho;
		};
		7FE426FC2BE14D8300BC4E63 /* PBXContainerItemProxy */ = {
			isa = PBXContainerItemProxy;
			containerPortal = 7FE426D32BE14D8000BC4E63 /* Project object */;
			proxyType = 1;
			remoteGlobalIDString = 7FE426DA2BE14D8000BC4E63;
			remoteInfo = Meesho;
		};
/* End PBXContainerItemProxy section */

/* Begin PBXFileReference section */
		7FE426DB2BE14D8000BC4E63 /* Meesho.app */ = {isa = PBXFileReference; explicitFileType = wrapper.application; includeInIndex = 0; path = Meesho.app; sourceTree = BUILT_PRODUCTS_DIR; };
		7FE426DE2BE14D8000BC4E63 /* AppDelegate.swift */ = {isa = PBXFileReference; lastKnownFileType = sourcecode.swift; path = AppDelegate.swift; sourceTree = "<group>"; };
		7FE426E02BE14D8000BC4E63 /* SceneDelegate.swift */ = {isa = PBXFileReference; lastKnownFileType = sourcecode.swift; path = SceneDelegate.swift; sourceTree = "<group>"; };
		7FE426E22BE14D8000BC4E63 /* MainViewController.swift */ = {isa = PBXFileReference; lastKnownFileType = sourcecode.swift; path = MainViewController.swift; sourceTree = "<group>"; };
		7FE426E72BE14D8300BC4E63 /* Assets.xcassets */ = {isa = PBXFileReference; lastKnownFileType = folder.assetcatalog; path = Assets.xcassets; sourceTree = "<group>"; };
		7FE426EA2BE14D8300BC4E63 /* Base */ = {isa = PBXFileReference; lastKnownFileType = file.storyboard; name = Base; path = Base.lproj/LaunchScreen.storyboard; sourceTree = "<group>"; };
		7FE426EC2BE14D8300BC4E63 /* Info.plist */ = {isa = PBXFileReference; lastKnownFileType = text.plist.xml; path = Info.plist; sourceTree = "<group>"; };
		7FE426F12BE14D8300BC4E63 /* MeeshoTests.xctest */ = {isa = PBXFileReference; explicitFileType = wrapper.cfbundle; includeInIndex = 0; path = MeeshoTests.xctest; sourceTree = BUILT_PRODUCTS_DIR; };
		7FE426F52BE14D8300BC4E63 /* MeeshoTests.swift */ = {isa = PBXFileReference; lastKnownFileType = sourcecode.swift; path = MeeshoTests.swift; sourceTree = "<group>"; };
		7FE426FB2BE14D8300BC4E63 /* MeeshoUITests.xctest */ = {isa = PBXFileReference; explicitFileType = wrapper.cfbundle; includeInIndex = 0; path = MeeshoUITests.xctest; sourceTree = BUILT_PRODUCTS_DIR; };
		7FE426FF2BE14D8300BC4E63 /* MeeshoUITests.swift */ = {isa = PBXFileReference; lastKnownFileType = sourcecode.swift; path = MeeshoUITests.swift; sourceTree = "<group>"; };
		7FE427012BE14D8300BC4E63 /* MeeshoUITestsLaunchTests.swift */ = {isa = PBXFileReference; lastKnownFileType = sourcecode.swift; path = MeeshoUITestsLaunchTests.swift; sourceTree = "<group>"; };
		7FE427162BE385A500BC4E63 /* DressViewCollectionViewCell.swift */ = {isa = PBXFileReference; lastKnownFileType = sourcecode.swift; path = DressViewCollectionViewCell.swift; sourceTree = "<group>"; };
		7FE427182BE5FF9300BC4E63 /* DressColorCollectionViewCell.swift */ = {isa = PBXFileReference; lastKnownFileType = sourcecode.swift; path = DressColorCollectionViewCell.swift; sourceTree = "<group>"; };
/* End PBXFileReference section */

/* Begin PBXFrameworksBuildPhase section */
		7FE426D82BE14D8000BC4E63 /* Frameworks */ = {
			isa = PBXFrameworksBuildPhase;
			buildActionMask = 2147483647;
			files = (
			);
			runOnlyForDeploymentPostprocessing = 0;
		};
		7FE426EE2BE14D8300BC4E63 /* Frameworks */ = {
			isa = PBXFrameworksBuildPhase;
			buildActionMask = 2147483647;
			files = (
			);
			runOnlyForDeploymentPostprocessing = 0;
		};
		7FE426F82BE14D8300BC4E63 /* Frameworks */ = {
			isa = PBXFrameworksBuildPhase;
			buildActionMask = 2147483647;
			files = (
			);
			runOnlyForDeploymentPostprocessing = 0;
		};
/* End PBXFrameworksBuildPhase section */

/* Begin PBXGroup section */
		7FE426D22BE14D8000BC4E63 = {
			isa = PBXGroup;
			children = (
				7FE426DD2BE14D8000BC4E63 /* Meesho */,
				7FE426F42BE14D8300BC4E63 /* MeeshoTests */,
				7FE426FE2BE14D8300BC4E63 /* MeeshoUITests */,
				7FE426DC2BE14D8000BC4E63 /* Products */,
			);
			sourceTree = "<group>";
		};
		7FE426DC2BE14D8000BC4E63 /* Products */ = {
			isa = PBXGroup;
			children = (
				7FE426DB2BE14D8000BC4E63 /* Meesho.app */,
				7FE426F12BE14D8300BC4E63 /* MeeshoTests.xctest */,
				7FE426FB2BE14D8300BC4E63 /* MeeshoUITests.xctest */,
			);
			name = Products;
			sourceTree = "<group>";
		};
		7FE426DD2BE14D8000BC4E63 /* Meesho */ = {
			isa = PBXGroup;
			children = (
				7FE426DE2BE14D8000BC4E63 /* AppDelegate.swift */,
				7FE426E02BE14D8000BC4E63 /* SceneDelegate.swift */,
				7FE426E22BE14D8000BC4E63 /* MainViewController.swift */,
				7FE427162BE385A500BC4E63 /* DressViewCollectionViewCell.swift */,
				7FE427182BE5FF9300BC4E63 /* DressColorCollectionViewCell.swift */,
				7FE426E72BE14D8300BC4E63 /* Assets.xcassets */,
				7FE426E92BE14D8300BC4E63 /* LaunchScreen.storyboard */,
				7FE426EC2BE14D8300BC4E63 /* Info.plist */,
			);
			path = Meesho;
			sourceTree = "<group>";
		};
		7FE426F42BE14D8300BC4E63 /* MeeshoTests */ = {
			isa = PBXGroup;
			children = (
				7FE426F52BE14D8300BC4E63 /* MeeshoTests.swift */,
			);
			path = MeeshoTests;
			sourceTree = "<group>";
		};
		7FE426FE2BE14D8300BC4E63 /* MeeshoUITests */ = {
			isa = PBXGroup;
			children = (
				7FE426FF2BE14D8300BC4E63 /* MeeshoUITests.swift */,
				7FE427012BE14D8300BC4E63 /* MeeshoUITestsLaunchTests.swift */,
			);
			path = MeeshoUITests;
			sourceTree = "<group>";
		};
/* End PBXGroup section */

/* Begin PBXNativeTarget section */
		7FE426DA2BE14D8000BC4E63 /* Meesho */ = {
			isa = PBXNativeTarget;
			buildConfigurationList = 7FE427052BE14D8300BC4E63 /* Build configuration list for PBXNativeTarget "Meesho" */;
			buildPhases = (
				7FE426D72BE14D8000BC4E63 /* Sources */,
				7FE426D82BE14D8000BC4E63 /* Frameworks */,
				7FE426D92BE14D8000BC4E63 /* Resources */,
			);
			buildRules = (
			);
			dependencies = (
			);
			name = Meesho;
			productName = Meesho;
			productReference = 7FE426DB2BE14D8000BC4E63 /* Meesho.app */;
			productType = "com.apple.product-type.application";
		};
		7FE426F02BE14D8300BC4E63 /* MeeshoTests */ = {
			isa = PBXNativeTarget;
			buildConfigurationList = 7FE427082BE14D8300BC4E63 /* Build configuration list for PBXNativeTarget "MeeshoTests" */;
			buildPhases = (
				7FE426ED2BE14D8300BC4E63 /* Sources */,
				7FE426EE2BE14D8300BC4E63 /* Frameworks */,
				7FE426EF2BE14D8300BC4E63 /* Resources */,
			);
			buildRules = (
			);
			dependencies = (
				7FE426F32BE14D8300BC4E63 /* PBXTargetDependency */,
			);
			name = MeeshoTests;
			productName = MeeshoTests;
			productReference = 7FE426F12BE14D8300BC4E63 /* MeeshoTests.xctest */;
			productType = "com.apple.product-type.bundle.unit-test";
		};
		7FE426FA2BE14D8300BC4E63 /* MeeshoUITests */ = {
			isa = PBXNativeTarget;
			buildConfigurationList = 7FE4270B2BE14D8300BC4E63 /* Build configuration list for PBXNativeTarget "MeeshoUITests" */;
			buildPhases = (
				7FE426F72BE14D8300BC4E63 /* Sources */,
				7FE426F82BE14D8300BC4E63 /* Frameworks */,
				7FE426F92BE14D8300BC4E63 /* Resources */,
			);
			buildRules = (
			);
			dependencies = (
				7FE426FD2BE14D8300BC4E63 /* PBXTargetDependency */,
			);
			name = MeeshoUITests;
			productName = MeeshoUITests;
			productReference = 7FE426FB2BE14D8300BC4E63 /* MeeshoUITests.xctest */;
			productType = "com.apple.product-type.bundle.ui-testing";
		};
/* End PBXNativeTarget section */

/* Begin PBXProject section */
		7FE426D32BE14D8000BC4E63 /* Project object */ = {
			isa = PBXProject;
			attributes = {
				BuildIndependentTargetsInParallel = 1;
				LastSwiftUpdateCheck = 1520;
				LastUpgradeCheck = 1520;
				TargetAttributes = {
					7FE426DA2BE14D8000BC4E63 = {
						CreatedOnToolsVersion = 15.2;
					};
					7FE426F02BE14D8300BC4E63 = {
						CreatedOnToolsVersion = 15.2;
						TestTargetID = 7FE426DA2BE14D8000BC4E63;
					};
					7FE426FA2BE14D8300BC4E63 = {
						CreatedOnToolsVersion = 15.2;
						TestTargetID = 7FE426DA2BE14D8000BC4E63;
					};
				};
			};
			buildConfigurationList = 7FE426D62BE14D8000BC4E63 /* Build configuration list for PBXProject "Meesho" */;
			compatibilityVersion = "Xcode 14.0";
			developmentRegion = en;
			hasScannedForEncodings = 0;
			knownRegions = (
				en,
				Base,
			);
			mainGroup = 7FE426D22BE14D8000BC4E63;
			productRefGroup = 7FE426DC2BE14D8000BC4E63 /* Products */;
			projectDirPath = "";
			projectRoot = "";
			targets = (
				7FE426DA2BE14D8000BC4E63 /* Meesho */,
				7FE426F02BE14D8300BC4E63 /* MeeshoTests */,
				7FE426FA2BE14D8300BC4E63 /* MeeshoUITests */,
			);
		};
/* End PBXProject section */

/* Begin PBXResourcesBuildPhase section */
		7FE426D92BE14D8000BC4E63 /* Resources */ = {
			isa = PBXResourcesBuildPhase;
			buildActionMask = 2147483647;
			files = (
				7FE426EB2BE14D8300BC4E63 /* LaunchScreen.storyboard in Resources */,
				7FE426E82BE14D8300BC4E63 /* Assets.xcassets in Resources */,
			);
			runOnlyForDeploymentPostprocessing = 0;
		};
		7FE426EF2BE14D8300BC4E63 /* Resources */ = {
			isa = PBXResourcesBuildPhase;
			buildActionMask = 2147483647;
			files = (
			);
			runOnlyForDeploymentPostprocessing = 0;
		};
		7FE426F92BE14D8300BC4E63 /* Resources */ = {
			isa = PBXResourcesBuildPhase;
			buildActionMask = 2147483647;
			files = (
			);
			runOnlyForDeploymentPostprocessing = 0;
		};
/* End PBXResourcesBuildPhase section */

/* Begin PBXSourcesBuildPhase section */
		7FE426D72BE14D8000BC4E63 /* Sources */ = {
			isa = PBXSourcesBuildPhase;
			buildActionMask = 2147483647;
			files = (
				7FE426E32BE14D8000BC4E63 /* MainViewController.swift in Sources */,
				7FE426DF2BE14D8000BC4E63 /* AppDelegate.swift in Sources */,
				7FE427172BE385A500BC4E63 /* DressViewCollectionViewCell.swift in Sources */,
				7FE427192BE5FF9300BC4E63 /* DressColorCollectionViewCell.swift in Sources */,
				7FE426E12BE14D8000BC4E63 /* SceneDelegate.swift in Sources */,
			);
			runOnlyForDeploymentPostprocessing = 0;
		};
		7FE426ED2BE14D8300BC4E63 /* Sources */ = {
			isa = PBXSourcesBuildPhase;
			buildActionMask = 2147483647;
			files = (
				7FE426F62BE14D8300BC4E63 /* MeeshoTests.swift in Sources */,
			);
			runOnlyForDeploymentPostprocessing = 0;
		};
		7FE426F72BE14D8300BC4E63 /* Sources */ = {
			isa = PBXSourcesBuildPhase;
			buildActionMask = 2147483647;
			files = (
				7FE427002BE14D8300BC4E63 /* MeeshoUITests.swift in Sources */,
				7FE427022BE14D8300BC4E63 /* MeeshoUITestsLaunchTests.swift in Sources */,
			);
			runOnlyForDeploymentPostprocessing = 0;
		};
/* End PBXSourcesBuildPhase section */

/* Begin PBXTargetDependency section */
		7FE426F32BE14D8300BC4E63 /* PBXTargetDependency */ = {
			isa = PBXTargetDependency;
			target = 7FE426DA2BE14D8000BC4E63 /* Meesho */;
			targetProxy = 7FE426F22BE14D8300BC4E63 /* PBXContainerItemProxy */;
		};
		7FE426FD2BE14D8300BC4E63 /* PBXTargetDependency */ = {
			isa = PBXTargetDependency;
			target = 7FE426DA2BE14D8000BC4E63 /* Meesho */;
			targetProxy = 7FE426FC2BE14D8300BC4E63 /* PBXContainerItemProxy */;
		};
/* End PBXTargetDependency section */

/* Begin PBXVariantGroup section */
		7FE426E92BE14D8300BC4E63 /* LaunchScreen.storyboard */ = {
			isa = PBXVariantGroup;
			children = (
				7FE426EA2BE14D8300BC4E63 /* Base */,
			);
			name = LaunchScreen.storyboard;
			sourceTree = "<group>";
		};
/* End PBXVariantGroup section */

/* Begin XCBuildConfiguration section */
		7FE427032BE14D8300BC4E63 /* Debug */ = {
			isa = XCBuildConfiguration;
			buildSettings = {
				ALWAYS_SEARCH_USER_PATHS = NO;
				ASSETCATALOG_COMPILER_GENERATE_SWIFT_ASSET_SYMBOL_EXTENSIONS = YES;
				CLANG_ANALYZER_NONNULL = YES;
				CLANG_ANALYZER_NUMBER_OBJECT_CONVERSION = YES_AGGRESSIVE;
				CLANG_CXX_LANGUAGE_STANDARD = "gnu++20";
				CLANG_ENABLE_MODULES = YES;
				CLANG_ENABLE_OBJC_ARC = YES;
				CLANG_ENABLE_OBJC_WEAK = YES;
				CLANG_WARN_BLOCK_CAPTURE_AUTORELEASING = YES;
				CLANG_WARN_BOOL_CONVERSION = YES;
				CLANG_WARN_COMMA = YES;
				CLANG_WARN_CONSTANT_CONVERSION = YES;
				CLANG_WARN_DEPRECATED_OBJC_IMPLEMENTATIONS = YES;
				CLANG_WARN_DIRECT_OBJC_ISA_USAGE = YES_ERROR;
				CLANG_WARN_DOCUMENTATION_COMMENTS = YES;
				CLANG_WARN_EMPTY_BODY = YES;
				CLANG_WARN_ENUM_CONVERSION = YES;
				CLANG_WARN_INFINITE_RECURSION = YES;
				CLANG_WARN_INT_CONVERSION = YES;
				CLANG_WARN_NON_LITERAL_NULL_CONVERSION = YES;
				CLANG_WARN_OBJC_IMPLICIT_RETAIN_SELF = YES;
				CLANG_WARN_OBJC_LITERAL_CONVERSION = YES;
				CLANG_WARN_OBJC_ROOT_CLASS = YES_ERROR;
				CLANG_WARN_QUOTED_INCLUDE_IN_FRAMEWORK_HEADER = YES;
				CLANG_WARN_RANGE_LOOP_ANALYSIS = YES;
				CLANG_WARN_STRICT_PROTOTYPES = YES;
				CLANG_WARN_SUSPICIOUS_MOVE = YES;
				CLANG_WARN_UNGUARDED_AVAILABILITY = YES_AGGRESSIVE;
				CLANG_WARN_UNREACHABLE_CODE = YES;
				CLANG_WARN__DUPLICATE_METHOD_MATCH = YES;
				COPY_PHASE_STRIP = NO;
				DEBUG_INFORMATION_FORMAT = dwarf;
				ENABLE_STRICT_OBJC_MSGSEND = YES;
				ENABLE_TESTABILITY = YES;
				ENABLE_USER_SCRIPT_SANDBOXING = YES;
				GCC_C_LANGUAGE_STANDARD = gnu17;
				GCC_DYNAMIC_NO_PIC = NO;
				GCC_NO_COMMON_BLOCKS = YES;
				GCC_OPTIMIZATION_LEVEL = 0;
				GCC_PREPROCESSOR_DEFINITIONS = (
					"DEBUG=1",
					"$(inherited)",
				);
				GCC_WARN_64_TO_32_BIT_CONVERSION = YES;
				GCC_WARN_ABOUT_RETURN_TYPE = YES_ERROR;
				GCC_WARN_UNDECLARED_SELECTOR = YES;
				GCC_WARN_UNINITIALIZED_AUTOS = YES_AGGRESSIVE;
				GCC_WARN_UNUSED_FUNCTION = YES;
				GCC_WARN_UNUSED_VARIABLE = YES;
				IPHONEOS_DEPLOYMENT_TARGET = 17.2;
				LOCALIZATION_PREFERS_STRING_CATALOGS = YES;
				MTL_ENABLE_DEBUG_INFO = INCLUDE_SOURCE;
				MTL_FAST_MATH = YES;
				ONLY_ACTIVE_ARCH = YES;
				SDKROOT = iphoneos;
				SWIFT_ACTIVE_COMPILATION_CONDITIONS = "DEBUG $(inherited)";
				SWIFT_OPTIMIZATION_LEVEL = "-Onone";
			};
			name = Debug;
		};
		7FE427042BE14D8300BC4E63 /* Release */ = {
			isa = XCBuildConfiguration;
			buildSettings = {
				ALWAYS_SEARCH_USER_PATHS = NO;
				ASSETCATALOG_COMPILER_GENERATE_SWIFT_ASSET_SYMBOL_EXTENSIONS = YES;
				CLANG_ANALYZER_NONNULL = YES;
				CLANG_ANALYZER_NUMBER_OBJECT_CONVERSION = YES_AGGRESSIVE;
				CLANG_CXX_LANGUAGE_STANDARD = "gnu++20";
				CLANG_ENABLE_MODULES = YES;
				CLANG_ENABLE_OBJC_ARC = YES;
				CLANG_ENABLE_OBJC_WEAK = YES;
				CLANG_WARN_BLOCK_CAPTURE_AUTORELEASING = YES;
				CLANG_WARN_BOOL_CONVERSION = YES;
				CLANG_WARN_COMMA = YES;
				CLANG_WARN_CONSTANT_CONVERSION = YES;
				CLANG_WARN_DEPRECATED_OBJC_IMPLEMENTATIONS = YES;
				CLANG_WARN_DIRECT_OBJC_ISA_USAGE = YES_ERROR;
				CLANG_WARN_DOCUMENTATION_COMMENTS = YES;
				CLANG_WARN_EMPTY_BODY = YES;
				CLANG_WARN_ENUM_CONVERSION = YES;
				CLANG_WARN_INFINITE_RECURSION = YES;
				CLANG_WARN_INT_CONVERSION = YES;
				CLANG_WARN_NON_LITERAL_NULL_CONVERSION = YES;
				CLANG_WARN_OBJC_IMPLICIT_RETAIN_SELF = YES;
				CLANG_WARN_OBJC_LITERAL_CONVERSION = YES;
				CLANG_WARN_OBJC_ROOT_CLASS = YES_ERROR;
				CLANG_WARN_QUOTED_INCLUDE_IN_FRAMEWORK_HEADER = YES;
				CLANG_WARN_RANGE_LOOP_ANALYSIS = YES;
				CLANG_WARN_STRICT_PROTOTYPES = YES;
				CLANG_WARN_SUSPICIOUS_MOVE = YES;
				CLANG_WARN_UNGUARDED_AVAILABILITY = YES_AGGRESSIVE;
				CLANG_WARN_UNREACHABLE_CODE = YES;
				CLANG_WARN__DUPLICATE_METHOD_MATCH = YES;
				COPY_PHASE_STRIP = NO;
				DEBUG_INFORMATION_FORMAT = "dwarf-with-dsym";
				ENABLE_NS_ASSERTIONS = NO;
				ENABLE_STRICT_OBJC_MSGSEND = YES;
				ENABLE_USER_SCRIPT_SANDBOXING = YES;
				GCC_C_LANGUAGE_STANDARD = gnu17;
				GCC_NO_COMMON_BLOCKS = YES;
				GCC_WARN_64_TO_32_BIT_CONVERSION = YES;
				GCC_WARN_ABOUT_RETURN_TYPE = YES_ERROR;
				GCC_WARN_UNDECLARED_SELECTOR = YES;
				GCC_WARN_UNINITIALIZED_AUTOS = YES_AGGRESSIVE;
				GCC_WARN_UNUSED_FUNCTION = YES;
				GCC_WARN_UNUSED_VARIABLE = YES;
				IPHONEOS_DEPLOYMENT_TARGET = 17.2;
				LOCALIZATION_PREFERS_STRING_CATALOGS = YES;
				MTL_ENABLE_DEBUG_INFO = NO;
				MTL_FAST_MATH = YES;
				SDKROOT = iphoneos;
				SWIFT_COMPILATION_MODE = wholemodule;
				VALIDATE_PRODUCT = YES;
			};
			name = Release;
		};
		7FE427062BE14D8300BC4E63 /* Debug */ = {
			isa = XCBuildConfiguration;
			buildSettings = {
				ASSETCATALOG_COMPILER_APPICON_NAME = AppIcon;
				ASSETCATALOG_COMPILER_GLOBAL_ACCENT_COLOR_NAME = AccentColor;
				CODE_SIGN_STYLE = Automatic;
				CURRENT_PROJECT_VERSION = 1;
				GENERATE_INFOPLIST_FILE = YES;
				INFOPLIST_FILE = Meesho/Info.plist;
				INFOPLIST_KEY_UIApplicationSupportsIndirectInputEvents = YES;
				INFOPLIST_KEY_UILaunchStoryboardName = LaunchScreen;
				INFOPLIST_KEY_UISupportedInterfaceOrientations_iPad = "UIInterfaceOrientationPortrait UIInterfaceOrientationPortraitUpsideDown UIInterfaceOrientationLandscapeLeft UIInterfaceOrientationLandscapeRight";
				INFOPLIST_KEY_UISupportedInterfaceOrientations_iPhone = "UIInterfaceOrientationPortrait UIInterfaceOrientationLandscapeLeft UIInterfaceOrientationLandscapeRight";
				LD_RUNPATH_SEARCH_PATHS = (
					"$(inherited)",
					"@executable_path/Frameworks",
				);
				MARKETING_VERSION = 1.0;
				PRODUCT_BUNDLE_IDENTIFIER = com.gokul.Meesho;
				PRODUCT_NAME = "$(TARGET_NAME)";
				SWIFT_EMIT_LOC_STRINGS = YES;
				SWIFT_VERSION = 5.0;
				TARGETED_DEVICE_FAMILY = "1,2";
			};
			name = Debug;
		};
		7FE427072BE14D8300BC4E63 /* Release */ = {
			isa = XCBuildConfiguration;
			buildSettings = {
				ASSETCATALOG_COMPILER_APPICON_NAME = AppIcon;
				ASSETCATALOG_COMPILER_GLOBAL_ACCENT_COLOR_NAME = AccentColor;
				CODE_SIGN_STYLE = Automatic;
				CURRENT_PROJECT_VERSION = 1;
				GENERATE_INFOPLIST_FILE = YES;
				INFOPLIST_FILE = Meesho/Info.plist;
				INFOPLIST_KEY_UIApplicationSupportsIndirectInputEvents = YES;
				INFOPLIST_KEY_UILaunchStoryboardName = LaunchScreen;
				INFOPLIST_KEY_UISupportedInterfaceOrientations_iPad = "UIInterfaceOrientationPortrait UIInterfaceOrientationPortraitUpsideDown UIInterfaceOrientationLandscapeLeft UIInterfaceOrientationLandscapeRight";
				INFOPLIST_KEY_UISupportedInterfaceOrientations_iPhone = "UIInterfaceOrientationPortrait UIInterfaceOrientationLandscapeLeft UIInterfaceOrientationLandscapeRight";
				LD_RUNPATH_SEARCH_PATHS = (
					"$(inherited)",
					"@executable_path/Frameworks",
				);
				MARKETING_VERSION = 1.0;
				PRODUCT_BUNDLE_IDENTIFIER = com.gokul.Meesho;
				PRODUCT_NAME = "$(TARGET_NAME)";
				SWIFT_EMIT_LOC_STRINGS = YES;
				SWIFT_VERSION = 5.0;
				TARGETED_DEVICE_FAMILY = "1,2";
			};
			name = Release;
		};
		7FE427092BE14D8300BC4E63 /* Debug */ = {
			isa = XCBuildConfiguration;
			buildSettings = {
				ALWAYS_EMBED_SWIFT_STANDARD_LIBRARIES = YES;
				BUNDLE_LOADER = "$(TEST_HOST)";
				CODE_SIGN_STYLE = Automatic;
				CURRENT_PROJECT_VERSION = 1;
				GENERATE_INFOPLIST_FILE = YES;
				IPHONEOS_DEPLOYMENT_TARGET = 17.2;
				MARKETING_VERSION = 1.0;
				PRODUCT_BUNDLE_IDENTIFIER = com.gokul.MeeshoTests;
				PRODUCT_NAME = "$(TARGET_NAME)";
				SWIFT_EMIT_LOC_STRINGS = NO;
				SWIFT_VERSION = 5.0;
				TARGETED_DEVICE_FAMILY = "1,2";
				TEST_HOST = "$(BUILT_PRODUCTS_DIR)/Meesho.app/$(BUNDLE_EXECUTABLE_FOLDER_PATH)/Meesho";
			};
			name = Debug;
		};
		7FE4270A2BE14D8300BC4E63 /* Release */ = {
			isa = XCBuildConfiguration;
			buildSettings = {
				ALWAYS_EMBED_SWIFT_STANDARD_LIBRARIES = YES;
				BUNDLE_LOADER = "$(TEST_HOST)";
				CODE_SIGN_STYLE = Automatic;
				CURRENT_PROJECT_VERSION = 1;
				GENERATE_INFOPLIST_FILE = YES;
				IPHONEOS_DEPLOYMENT_TARGET = 17.2;
				MARKETING_VERSION = 1.0;
				PRODUCT_BUNDLE_IDENTIFIER = com.gokul.MeeshoTests;
				PRODUCT_NAME = "$(TARGET_NAME)";
				SWIFT_EMIT_LOC_STRINGS = NO;
				SWIFT_VERSION = 5.0;
				TARGETED_DEVICE_FAMILY = "1,2";
				TEST_HOST = "$(BUILT_PRODUCTS_DIR)/Meesho.app/$(BUNDLE_EXECUTABLE_FOLDER_PATH)/Meesho";
			};
			name = Release;
		};
		7FE4270C2BE14D8300BC4E63 /* Debug */ = {
			isa = XCBuildConfiguration;
			buildSettings = {
				ALWAYS_EMBED_SWIFT_STANDARD_LIBRARIES = YES;
				CODE_SIGN_STYLE = Automatic;
				CURRENT_PROJECT_VERSION = 1;
				GENERATE_INFOPLIST_FILE = YES;
				MARKETING_VERSION = 1.0;
				PRODUCT_BUNDLE_IDENTIFIER = com.gokul.MeeshoUITests;
				PRODUCT_NAME = "$(TARGET_NAME)";
				SWIFT_EMIT_LOC_STRINGS = NO;
				SWIFT_VERSION = 5.0;
				TARGETED_DEVICE_FAMILY = "1,2";
				TEST_TARGET_NAME = Meesho;
			};
			name = Debug;
		};
		7FE4270D2BE14D8300BC4E63 /* Release */ = {
			isa = XCBuildConfiguration;
			buildSettings = {
				ALWAYS_EMBED_SWIFT_STANDARD_LIBRARIES = YES;
				CODE_SIGN_STYLE = Automatic;
				CURRENT_PROJECT_VERSION = 1;
				GENERATE_INFOPLIST_FILE = YES;
				MARKETING_VERSION = 1.0;
				PRODUCT_BUNDLE_IDENTIFIER = com.gokul.MeeshoUITests;
				PRODUCT_NAME = "$(TARGET_NAME)";
				SWIFT_EMIT_LOC_STRINGS = NO;
				SWIFT_VERSION = 5.0;
				TARGETED_DEVICE_FAMILY = "1,2";
				TEST_TARGET_NAME = Meesho;
			};
			name = Release;
		};
/* End XCBuildConfiguration section */

/* Begin XCConfigurationList section */
		7FE426D62BE14D8000BC4E63 /* Build configuration list for PBXProject "Meesho" */ = {
			isa = XCConfigurationList;
			buildConfigurations = (
				7FE427032BE14D8300BC4E63 /* Debug */,
				7FE427042BE14D8300BC4E63 /* Release */,
			);
			defaultConfigurationIsVisible = 0;
			defaultConfigurationName = Release;
		};
		7FE427052BE14D8300BC4E63 /* Build configuration list for PBXNativeTarget "Meesho" */ = {
			isa = XCConfigurationList;
			buildConfigurations = (
				7FE427062BE14D8300BC4E63 /* Debug */,
				7FE427072BE14D8300BC4E63 /* Release */,
			);
			defaultConfigurationIsVisible = 0;
			defaultConfigurationName = Release;
		};
		7FE427082BE14D8300BC4E63 /* Build configuration list for PBXNativeTarget "MeeshoTests" */ = {
			isa = XCConfigurationList;
			buildConfigurations = (
				7FE427092BE14D8300BC4E63 /* Debug */,
				7FE4270A2BE14D8300BC4E63 /* Release */,
			);
			defaultConfigurationIsVisible = 0;
			defaultConfigurationName = Release;
		};
		7FE4270B2BE14D8300BC4E63 /* Build configuration list for PBXNativeTarget "MeeshoUITests" */ = {
			isa = XCConfigurationList;
			buildConfigurations = (
				7FE4270C2BE14D8300BC4E63 /* Debug */,
				7FE4270D2BE14D8300BC4E63 /* Release */,
			);
			defaultConfigurationIsVisible = 0;
			defaultConfigurationName = Release;
		};
/* End XCConfigurationList section */
	};
	rootObject = 7FE426D32BE14D8000BC4E63 /* Project object */;
}
